
Microsoft Visual Studio Solution File, Format Version 12.00
# Visual Studio Version 17
VisualStudioVersion = 17.13.35828.75 d17.13
MinimumVisualStudioVersion = 10.0.40219.1
Project("{FAE04EC0-301F-11D3-BF4B-00C04F79EFBC}") = "TestApiServer.Domain", "TestApiServer.Domain\TestApiServer.Domain.csproj", "{6F26657F-47BF-4104-BF08-0210AB55CE4C}"
EndProject
Project("{FAE04EC0-301F-11D3-BF4B-00C04F79EFBC}") = "TestApiServer.Persistence", "TestApiServer.Persistence\TestApiServer.Persistence.csproj", "{99491E23-12E4-4964-AF6D-E7B41DCC9429}"
EndProject
Project("{FAE04EC0-301F-11D3-BF4B-00C04F79EFBC}") = "TestApiServer.WebApi", "TestApiServer.WebApi\TestApiServer.WebApi.csproj", "{F659E676-3996-4B7A-A2C1-6DF91166C14C}"
EndProject
Global
	GlobalSection(SolutionConfigurationPlatforms) = preSolution
		Debug|Any CPU = Debug|Any CPU
		Release|Any CPU = Release|Any CPU
	EndGlobalSection
	GlobalSection(ProjectConfigurationPlatforms) = postSolution
		{6F26657F-47BF-4104-BF08-0210AB55CE4C}.Debug|Any CPU.ActiveCfg = Debug|Any CPU
		{6F26657F-47BF-4104-BF08-0210AB55CE4C}.Debug|Any CPU.Build.0 = Debug|Any CPU
		{6F26657F-47BF-4104-BF08-0210AB55CE4C}.Release|Any CPU.ActiveCfg = Release|Any CPU
		{6F26657F-47BF-4104-BF08-0210AB55CE4C}.Release|Any CPU.Build.0 = Release|Any CPU
		{99491E23-12E4-4964-AF6D-E7B41DCC9429}.Debug|Any CPU.ActiveCfg = Debug|Any CPU
		{99491E23-12E4-4964-AF6D-E7B41DCC9429}.Debug|Any CPU.Build.0 = Debug|Any CPU
		{99491E23-12E4-4964-AF6D-E7B41DCC9429}.Release|Any CPU.ActiveCfg = Release|Any CPU
		{99491E23-12E4-4964-AF6D-E7B41DCC9429}.Release|Any CPU.Build.0 = Release|Any CPU
		{F659E676-3996-4B7A-A2C1-6DF91166C14C}.Debug|Any CPU.ActiveCfg = Debug|Any CPU
		{F659E676-3996-4B7A-A2C1-6DF91166C14C}.Debug|Any CPU.Build.0 = Debug|Any CPU
		{F659E676-3996-4B7A-A2C1-6DF91166C14C}.Release|Any CPU.ActiveCfg = Release|Any CPU
		{F659E676-3996-4B7A-A2C1-6DF91166C14C}.Release|Any CPU.Build.0 = Release|Any CPU
	EndGlobalSection
	GlobalSection(SolutionProperties) = preSolution
		HideSolutionNode = FALSE
	EndGlobalSection
	GlobalSection(ExtensibilityGlobals) = postSolution
		SolutionGuid = {5CCB93E8-371A-4EDB-B401-6F654B9FE0D8}
	EndGlobalSection
EndGlobal
